
Microsoft Visual Studio Solution File, Format Version 12.00
# Visual Studio 2012
Project("{FAE04EC0-301F-11D3-BF4B-00C04F79EFBC}") = "spike.nconversions", "spike.nconversions.csproj", "{58FAD272-9B50-4EAA-986E-BF199D67DE65}"
EndProject
Global
	GlobalSection(SolutionConfigurationPlatforms) = preSolution
		Debug|x86 = Debug|x86
		Release|x86 = Release|x86
	EndGlobalSection
	GlobalSection(ProjectConfigurationPlatforms) = postSolution
		{58FAD272-9B50-4EAA-986E-BF199D67DE65}.Debug|x86.ActiveCfg = Debug|x86
		{58FAD272-9B50-4EAA-986E-BF199D67DE65}.Debug|x86.Build.0 = Debug|x86
		{58FAD272-9B50-4EAA-986E-BF199D67DE65}.Release|x86.ActiveCfg = Release|x86
		{58FAD272-9B50-4EAA-986E-BF199D67DE65}.Release|x86.Build.0 = Release|x86
	EndGlobalSection
EndGlobal
